{
  "name": "limbs-functions",
  "version": "1.0.0",
  "lockfileVersion": 1,
  "requires": true,
  "dependencies": {
    "@jscad/amf-deserializer": {
      "version": "0.1.0",
      "resolved": "https://registry.npmjs.org/@jscad/amf-deserializer/-/amf-deserializer-0.1.0.tgz",
      "integrity": "sha512-mA+XkKl46lrXH042rHmo9Oe3qMRvdJ5+EoFQwqi+QiqNoe039e+ziNeKFoCXjdsYiabX65/aeKvo/1cu52q2RQ==",
      "requires": {
        "@jscad/csg": "0.3.7",
        "sax": "1.2.4"
      }
    },
    "@jscad/amf-serializer": {
      "version": "0.0.5",
      "resolved": "https://registry.npmjs.org/@jscad/amf-serializer/-/amf-serializer-0.0.5.tgz",
      "integrity": "sha1-3A+Hx7LG15/F9rZnfwxoag0/Bg4=",
      "requires": {
        "@jscad/io-utils": "0.1.2",
        "sax": "1.2.4",
        "xmldom": "0.1.27"
      }
    },
    "@jscad/csg": {
      "version": "0.3.7",
      "resolved": "https://registry.npmjs.org/@jscad/csg/-/csg-0.3.7.tgz",
      "integrity": "sha512-CuqKgXEZDH1FzbwQTdMWQ0FiEGi+LrP32tP6nW6rdWEEBjL6w19F3OrShD7SP8mK9IcqiuhgN9JcbWaiBswWlQ=="
    },
    "@jscad/dxf-serializer": {
      "version": "0.0.4",
      "resolved": "https://registry.npmjs.org/@jscad/dxf-serializer/-/dxf-serializer-0.0.4.tgz",
      "integrity": "sha1-P7O3a2HmqYfiUIJ8SWNPAHNvasg="
    },
    "@jscad/gcode-deserializer": {
      "version": "0.1.0",
      "resolved": "https://registry.npmjs.org/@jscad/gcode-deserializer/-/gcode-deserializer-0.1.0.tgz",
      "integrity": "sha512-Qq66yp+s0S0iFsEyK7Eby+KDkcNQ77hX7V0txDcU9Gjpg/H12oVn0bjWc34ssdFHEl9dIRfampxH3dXG73uLBw=="
    },
    "@jscad/io": {
      "version": "0.3.8",
      "resolved": "https://registry.npmjs.org/@jscad/io/-/io-0.3.8.tgz",
      "integrity": "sha512-0gJs/dfXApL2wmbq9UwGh4dFPWsS36Ew/+C2rT6s9JzCIZ4s7e42tKAEVoHBlJotdGjsOw7k2UAHGeGkj6OoRQ==",
      "requires": {
        "@jscad/amf-deserializer": "0.1.0",
        "@jscad/amf-serializer": "0.0.5",
        "@jscad/dxf-serializer": "0.0.4",
        "@jscad/gcode-deserializer": "0.1.0",
        "@jscad/io-utils": "0.1.2",
        "@jscad/json-deserializer": "0.0.4",
        "@jscad/json-serializer": "0.0.5",
        "@jscad/obj-deserializer": "0.1.0",
        "@jscad/stl-deserializer": "0.2.0",
        "@jscad/stl-serializer": "0.0.6",
        "@jscad/svg-deserializer": "0.3.0",
        "@jscad/svg-serializer": "0.0.4",
        "@jscad/x3d-serializer": "0.0.6"
      }
    },
    "@jscad/io-utils": {
      "version": "0.1.2",
      "resolved": "https://registry.npmjs.org/@jscad/io-utils/-/io-utils-0.1.2.tgz",
      "integrity": "sha1-guwUJYMhalu5zcJj6RsOJbH+WRc="
    },
    "@jscad/json-deserializer": {
      "version": "0.0.4",
      "resolved": "https://registry.npmjs.org/@jscad/json-deserializer/-/json-deserializer-0.0.4.tgz",
      "integrity": "sha1-ffpQCUUoh5LgTlcaDCTxXFXuurA=",
      "requires": {
        "@jscad/csg": "0.3.6"
      },
      "dependencies": {
        "@jscad/csg": {
          "version": "0.3.6",
          "resolved": "https://registry.npmjs.org/@jscad/csg/-/csg-0.3.6.tgz",
          "integrity": "sha512-GoUXhTwO0L+Cxba8VfFFLGm+ECd0xZKoIAPpeUYsDiCVsIZ6XK+3GLgBgn5waeumQNh+H6WsHjMMRKXBrDBreA=="
        }
      }
    },
    "@jscad/json-serializer": {
      "version": "0.0.5",
      "resolved": "https://registry.npmjs.org/@jscad/json-serializer/-/json-serializer-0.0.5.tgz",
      "integrity": "sha1-DEAQz7ZyntspQnJycvlB0TAZR7g=",
      "requires": {
        "@jscad/csg": "0.3.6",
        "@jscad/io-utils": "0.1.2"
      },
      "dependencies": {
        "@jscad/csg": {
          "version": "0.3.6",
          "resolved": "https://registry.npmjs.org/@jscad/csg/-/csg-0.3.6.tgz",
          "integrity": "sha512-GoUXhTwO0L+Cxba8VfFFLGm+ECd0xZKoIAPpeUYsDiCVsIZ6XK+3GLgBgn5waeumQNh+H6WsHjMMRKXBrDBreA=="
        }
      }
    },
    "@jscad/obj-deserializer": {
      "version": "0.1.0",
      "resolved": "https://registry.npmjs.org/@jscad/obj-deserializer/-/obj-deserializer-0.1.0.tgz",
      "integrity": "sha512-LRRD6gSHB4vSIdRqVEc6sx8mEbp7fMLc5nPhmryY5XrUeZoo4B5xa7wbNtOA/7Y8lyYIKKCkgg/vYmtTMi84kA==",
      "requires": {
        "@jscad/csg": "0.3.7"
      }
    },
    "@jscad/openjscad": {
      "version": "1.3.0",
      "resolved": "https://registry.npmjs.org/@jscad/openjscad/-/openjscad-1.3.0.tgz",
      "integrity": "sha512-Pxco4sUnRMxXlRXhOk7R879X+EzsBWD6YIO5rcmUYM6q9l6zQq2bbVS4Hg6U6vk91NfGU+uyOlzjV9MXBBO7MQ==",
      "requires": {
        "@jscad/csg": "0.3.7",
        "@jscad/io": "0.3.8",
        "@jscad/openscad-openjscad-translator": "0.0.10",
        "@jscad/scad-api": "0.3.6",
        "astring": "1.2.0",
        "brace": "0.10.0",
        "esprima": "3.1.3",
        "estraverse": "4.2.0",
        "most-gestures": "0.3.0",
        "webworkify": "1.5.0"
      }
    },
    "@jscad/openscad-openjscad-translator": {
      "version": "0.0.10",
      "resolved": "https://registry.npmjs.org/@jscad/openscad-openjscad-translator/-/openscad-openjscad-translator-0.0.10.tgz",
      "integrity": "sha1-b1o9wlL9ILr1I6sRwfwqPdqlfns=",
      "requires": {
        "lodash": "4.17.4",
        "sylvester": "github:kaosat-dev/node-sylvester#976a4e5e3231dfe444948ff882f18a51c117d9d7"
      }
    },
    "@jscad/scad-api": {
      "version": "0.3.6",
      "resolved": "https://registry.npmjs.org/@jscad/scad-api/-/scad-api-0.3.6.tgz",
      "integrity": "sha512-uF8bCSmPECf42NX0hvexvbI29qM60r3wagFvpDENUllLPZpIOfaErA4Uqkx+M458WhgyqewmzFqyE7kiUI/vrw==",
      "requires": {
        "@jscad/csg": "0.3.6"
      },
      "dependencies": {
        "@jscad/csg": {
          "version": "0.3.6",
          "resolved": "https://registry.npmjs.org/@jscad/csg/-/csg-0.3.6.tgz",
          "integrity": "sha512-GoUXhTwO0L+Cxba8VfFFLGm+ECd0xZKoIAPpeUYsDiCVsIZ6XK+3GLgBgn5waeumQNh+H6WsHjMMRKXBrDBreA=="
        }
      }
    },
    "@jscad/stl-deserializer": {
      "version": "0.2.0",
      "resolved": "https://registry.npmjs.org/@jscad/stl-deserializer/-/stl-deserializer-0.2.0.tgz",
      "integrity": "sha512-9Srx8ktSLUHhaWVwQwOM4Pe+SRYH6aK+po1vlFtB2TCuz48vMRJ593mVSs+qt12GyOrAKHv4zD77ysuPmxNCZg==",
      "requires": {
        "@jscad/csg": "0.3.6",
        "@jscad/io-utils": "0.1.2"
      },
      "dependencies": {
        "@jscad/csg": {
          "version": "0.3.6",
          "resolved": "https://registry.npmjs.org/@jscad/csg/-/csg-0.3.6.tgz",
          "integrity": "sha512-GoUXhTwO0L+Cxba8VfFFLGm+ECd0xZKoIAPpeUYsDiCVsIZ6XK+3GLgBgn5waeumQNh+H6WsHjMMRKXBrDBreA=="
        }
      }
    },
    "@jscad/stl-serializer": {
      "version": "0.0.6",
      "resolved": "https://registry.npmjs.org/@jscad/stl-serializer/-/stl-serializer-0.0.6.tgz",
      "integrity": "sha1-OIDuOw2YzeYhpVg92GDcN6kAZtQ=",
      "requires": {
        "@jscad/io-utils": "0.1.2"
      }
    },
    "@jscad/svg-deserializer": {
      "version": "0.3.0",
      "resolved": "https://registry.npmjs.org/@jscad/svg-deserializer/-/svg-deserializer-0.3.0.tgz",
      "integrity": "sha512-mMrcJLLNvGHJk8ue4mJVtyHv2bIdcwRRepnJYhQOYY/DIvUCSJv/bmus5U7TSEU6+9T92NOkE39IfRP8Duu7UA==",
      "requires": {
        "@jscad/csg": "0.3.6",
        "sax": "1.2.4"
      },
      "dependencies": {
        "@jscad/csg": {
          "version": "0.3.6",
          "resolved": "https://registry.npmjs.org/@jscad/csg/-/csg-0.3.6.tgz",
          "integrity": "sha512-GoUXhTwO0L+Cxba8VfFFLGm+ECd0xZKoIAPpeUYsDiCVsIZ6XK+3GLgBgn5waeumQNh+H6WsHjMMRKXBrDBreA=="
        }
      }
    },
    "@jscad/svg-serializer": {
      "version": "0.0.4",
      "resolved": "https://registry.npmjs.org/@jscad/svg-serializer/-/svg-serializer-0.0.4.tgz",
      "integrity": "sha1-uqYjfTPtbg96AS8rtgYTopXiUdE=",
      "requires": {
        "@jscad/csg": "0.3.6"
      },
      "dependencies": {
        "@jscad/csg": {
          "version": "0.3.6",
          "resolved": "https://registry.npmjs.org/@jscad/csg/-/csg-0.3.6.tgz",
          "integrity": "sha512-GoUXhTwO0L+Cxba8VfFFLGm+ECd0xZKoIAPpeUYsDiCVsIZ6XK+3GLgBgn5waeumQNh+H6WsHjMMRKXBrDBreA=="
        }
      }
    },
    "@jscad/x3d-serializer": {
      "version": "0.0.6",
      "resolved": "https://registry.npmjs.org/@jscad/x3d-serializer/-/x3d-serializer-0.0.6.tgz",
      "integrity": "sha1-pBl1qeN0B2E2JkjklutkKTuD99c=",
      "requires": {
        "@jscad/io-utils": "0.1.2",
        "xmldom": "0.1.27"
      }
    },
    "@most/multicast": {
      "version": "1.3.0",
      "resolved": "https://registry.npmjs.org/@most/multicast/-/multicast-1.3.0.tgz",
      "integrity": "sha512-DWH8AShgp5bXn+auGzf5tzPxvpmEvQJd0CNsApOci1LDF4eAEcnw4HQOr2Jaa+L92NbDYFKBSXxll+i7r1ikvw==",
      "requires": {
        "@most/prelude": "1.6.4"
      }
    },
    "@most/prelude": {
      "version": "1.6.4",
      "resolved": "https://registry.npmjs.org/@most/prelude/-/prelude-1.6.4.tgz",
      "integrity": "sha512-RsT1xRIEc+rCCTZPL3v/tAC+dX1qt1q00ZofEtCJEMEsVg7zT+WLXiVQdhcRqqh4baQTYmDPArXrQWyd7GkqAA=="
    },
    "ajv": {
      "version": "4.11.8",
      "resolved": "https://registry.npmjs.org/ajv/-/ajv-4.11.8.tgz",
      "integrity": "sha1-gv+wKynmYq5TvcIK8VlHcGc5xTY=",
      "requires": {
        "co": "4.6.0",
        "json-stable-stringify": "1.0.1"
      }
    },
    "ansi-styles": {
      "version": "3.2.0",
      "resolved": "https://registry.npmjs.org/ansi-styles/-/ansi-styles-3.2.0.tgz",
      "integrity": "sha512-NnSOmMEYtVR2JVMIGTzynRkkaxtiq1xnFBcdQD/DnNCYPoEPsVJhM98BDyaoNOQIi7p4okdi3E27eN7GQbsUug==",
      "requires": {
        "color-convert": "1.9.1"
      }
    },
    "asn1": {
      "version": "0.2.3",
      "resolved": "https://registry.npmjs.org/asn1/-/asn1-0.2.3.tgz",
      "integrity": "sha1-2sh4dxPJlmhJ/IGAd36+nB3fO4Y="
    },
    "assert-plus": {
      "version": "0.2.0",
      "resolved": "https://registry.npmjs.org/assert-plus/-/assert-plus-0.2.0.tgz",
      "integrity": "sha1-104bh+ev/A24qttwIfP+SBAasjQ="
    },
    "astring": {
      "version": "1.2.0",
      "resolved": "https://registry.npmjs.org/astring/-/astring-1.2.0.tgz",
      "integrity": "sha512-k56RHONVedeLvo2bOh640l6Hn5MtnDFLPsRFq4L5O6ts7mJNBGssYA32ju8LXBIqXk9zY12iKY6m2dnW0qGH/g=="
    },
    "asynckit": {
      "version": "0.4.0",
      "resolved": "https://registry.npmjs.org/asynckit/-/asynckit-0.4.0.tgz",
      "integrity": "sha1-x57Zf380y48robyXkLzDZkdLS3k="
    },
    "aws-sign2": {
      "version": "0.6.0",
      "resolved": "https://registry.npmjs.org/aws-sign2/-/aws-sign2-0.6.0.tgz",
      "integrity": "sha1-FDQt0428yU0OW4fXY81jYSwOeU8="
    },
    "aws4": {
      "version": "1.6.0",
      "resolved": "https://registry.npmjs.org/aws4/-/aws4-1.6.0.tgz",
      "integrity": "sha1-g+9cqGCysy5KDe7e6MdxudtXRx4="
    },
    "azure-functions-core-tools": {
      "version": "1.0.7",
      "resolved": "https://registry.npmjs.org/azure-functions-core-tools/-/azure-functions-core-tools-1.0.7.tgz",
      "integrity": "sha512-8XYx/0XH8w7YnqQGWpmpjO086vlHnZQwZk6Tydf6RyEPUJjpNGrjTB6xb0/e864PcCn9yoim//ijCzTJg4POig==",
      "requires": {
        "chalk": "2.3.0",
        "command-exists": "1.2.2",
        "tmp": "0.0.33",
        "unzipper": "0.8.11"
      }
    },
    "azure-storage": {
      "version": "2.6.0",
      "resolved": "https://registry.npmjs.org/azure-storage/-/azure-storage-2.6.0.tgz",
      "integrity": "sha1-hHR+5UpL0ZS7lg+J8+/4nWes8c8=",
      "requires": {
        "browserify-mime": "1.2.9",
        "extend": "1.2.1",
        "json-edm-parser": "0.1.2",
        "md5.js": "1.3.4",
        "readable-stream": "2.0.6",
        "request": "2.81.0",
        "underscore": "1.8.3",
        "uuid": "3.1.0",
        "validator": "3.35.0",
        "xml2js": "0.2.7",
        "xmlbuilder": "0.4.3"
      },
      "dependencies": {
        "readable-stream": {
          "version": "2.0.6",
          "resolved": "https://registry.npmjs.org/readable-stream/-/readable-stream-2.0.6.tgz",
          "integrity": "sha1-j5A0HmilPMySh4jaz80Rs265t44=",
          "requires": {
            "core-util-is": "1.0.2",
            "inherits": "2.0.3",
            "isarray": "1.0.0",
            "process-nextick-args": "1.0.7",
            "string_decoder": "0.10.31",
            "util-deprecate": "1.0.2"
          }
        }
      }
    },
    "balanced-match": {
      "version": "1.0.0",
      "resolved": "https://registry.npmjs.org/balanced-match/-/balanced-match-1.0.0.tgz",
      "integrity": "sha1-ibTRmasr7kneFk6gK4nORi1xt2c="
    },
    "bcrypt-pbkdf": {
      "version": "1.0.1",
      "resolved": "https://registry.npmjs.org/bcrypt-pbkdf/-/bcrypt-pbkdf-1.0.1.tgz",
      "integrity": "sha1-Y7xdy2EzG5K8Bf1SiVPDNGKgb40=",
      "optional": true,
      "requires": {
        "tweetnacl": "0.14.5"
      }
    },
    "big-integer": {
      "version": "1.6.26",
      "resolved": "https://registry.npmjs.org/big-integer/-/big-integer-1.6.26.tgz",
      "integrity": "sha1-OvFnL6Ytry1eyvrPblqg0l4Cwcg="
    },
    "binary": {
      "version": "0.3.0",
      "resolved": "https://registry.npmjs.org/binary/-/binary-0.3.0.tgz",
      "integrity": "sha1-n2BVO8XOjDOG87VTz/R0Yq3sqnk=",
      "requires": {
        "buffers": "0.1.1",
        "chainsaw": "0.1.0"
      }
    },
    "bluebird": {
      "version": "3.4.7",
      "resolved": "https://registry.npmjs.org/bluebird/-/bluebird-3.4.7.tgz",
      "integrity": "sha1-9y12C+Cbf3bQjtj66Ysomo0F+rM="
    },
    "boom": {
      "version": "2.10.1",
      "resolved": "https://registry.npmjs.org/boom/-/boom-2.10.1.tgz",
      "integrity": "sha1-OciRjO/1eZ+D+UkqhI9iWt0Mdm8=",
      "requires": {
        "hoek": "2.16.3"
      }
    },
    "brace": {
      "version": "0.10.0",
      "resolved": "https://registry.npmjs.org/brace/-/brace-0.10.0.tgz",
      "integrity": "sha1-7e9OubCSi6HuX3F//BV3SabdXXY=",
      "requires": {
        "w3c-blob": "0.0.1"
      }
    },
    "brace-expansion": {
      "version": "1.1.8",
      "resolved": "https://registry.npmjs.org/brace-expansion/-/brace-expansion-1.1.8.tgz",
      "integrity": "sha1-wHshHHyVLsH479Uad+8NHTmQopI=",
      "requires": {
        "balanced-match": "1.0.0",
        "concat-map": "0.0.1"
      }
    },
    "browserify-mime": {
      "version": "1.2.9",
      "resolved": "https://registry.npmjs.org/browserify-mime/-/browserify-mime-1.2.9.tgz",
      "integrity": "sha1-rrGvKN5sDXpqLOQK22j/GEIq8x8="
    },
    "buffer-indexof-polyfill": {
      "version": "1.0.1",
      "resolved": "https://registry.npmjs.org/buffer-indexof-polyfill/-/buffer-indexof-polyfill-1.0.1.tgz",
      "integrity": "sha1-qfuAbOgUXVQoUQznLyeLs2OmOL8="
    },
    "buffer-shims": {
      "version": "1.0.0",
      "resolved": "https://registry.npmjs.org/buffer-shims/-/buffer-shims-1.0.0.tgz",
      "integrity": "sha1-mXjOMXOIxkmth5MCjDR37wRKi1E="
    },
    "buffers": {
      "version": "0.1.1",
      "resolved": "https://registry.npmjs.org/buffers/-/buffers-0.1.1.tgz",
      "integrity": "sha1-skV5w77U1tOWru5tmorn9Ugqt7s="
    },
    "caseless": {
      "version": "0.12.0",
      "resolved": "https://registry.npmjs.org/caseless/-/caseless-0.12.0.tgz",
      "integrity": "sha1-G2gcIf+EAzyCZUMJBolCDRhxUdw="
    },
    "chainsaw": {
      "version": "0.1.0",
      "resolved": "https://registry.npmjs.org/chainsaw/-/chainsaw-0.1.0.tgz",
      "integrity": "sha1-XqtQsor+WAdNDVgpE4iCi15fvJg=",
      "requires": {
        "traverse": "0.3.9"
      }
    },
    "chalk": {
      "version": "2.3.0",
      "resolved": "https://registry.npmjs.org/chalk/-/chalk-2.3.0.tgz",
      "integrity": "sha512-Az5zJR2CBujap2rqXGaJKaPHyJ0IrUimvYNX+ncCy8PJP4ltOGTrHUIo097ZaL2zMeKYpiCdqDvS6zdrTFok3Q==",
      "requires": {
        "ansi-styles": "3.2.0",
        "escape-string-regexp": "1.0.5",
        "supports-color": "4.5.0"
      }
    },
    "co": {
      "version": "4.6.0",
      "resolved": "https://registry.npmjs.org/co/-/co-4.6.0.tgz",
      "integrity": "sha1-bqa989hTrlTMuOR7+gvz+QMfsYQ="
    },
    "color-convert": {
      "version": "1.9.1",
      "resolved": "https://registry.npmjs.org/color-convert/-/color-convert-1.9.1.tgz",
      "integrity": "sha512-mjGanIiwQJskCC18rPR6OmrZ6fm2Lc7PeGFYwCmy5J34wC6F1PzdGL6xeMfmgicfYcNLGuVFA3WzXtIDCQSZxQ==",
      "requires": {
        "color-name": "1.1.3"
      }
    },
    "color-name": {
      "version": "1.1.3",
      "resolved": "https://registry.npmjs.org/color-name/-/color-name-1.1.3.tgz",
      "integrity": "sha1-p9BVi9icQveV3UIyj3QIMcpTvCU="
    },
    "combined-stream": {
      "version": "1.0.5",
      "resolved": "https://registry.npmjs.org/combined-stream/-/combined-stream-1.0.5.tgz",
      "integrity": "sha1-k4NwpXtKUd6ix3wV1cX9+JUWQAk=",
      "requires": {
        "delayed-stream": "1.0.0"
      }
    },
    "command-exists": {
      "version": "1.2.2",
      "resolved": "https://registry.npmjs.org/command-exists/-/command-exists-1.2.2.tgz",
      "integrity": "sha1-EoGcZPr5VEbsCuB/5sr7brNwiyI="
    },
    "concat-map": {
      "version": "0.0.1",
      "resolved": "https://registry.npmjs.org/concat-map/-/concat-map-0.0.1.tgz",
      "integrity": "sha1-2Klr13/Wjfd5OnMDajug1UBdR3s="
    },
    "core-util-is": {
      "version": "1.0.2",
      "resolved": "https://registry.npmjs.org/core-util-is/-/core-util-is-1.0.2.tgz",
      "integrity": "sha1-tf1UIgqivFq1eqtxQMlAdUUDwac="
    },
    "cryptiles": {
      "version": "2.0.5",
      "resolved": "https://registry.npmjs.org/cryptiles/-/cryptiles-2.0.5.tgz",
      "integrity": "sha1-O9/s3GCBR8HGcgL6KR59ylnqo7g=",
      "requires": {
        "boom": "2.10.1"
      }
    },
    "dashdash": {
      "version": "1.14.1",
      "resolved": "https://registry.npmjs.org/dashdash/-/dashdash-1.14.1.tgz",
      "integrity": "sha1-hTz6D3y+L+1d4gMmuN1YEDX24vA=",
      "requires": {
        "assert-plus": "1.0.0"
      },
      "dependencies": {
        "assert-plus": {
          "version": "1.0.0",
          "resolved": "https://registry.npmjs.org/assert-plus/-/assert-plus-1.0.0.tgz",
          "integrity": "sha1-8S4PPF13sLHN2RRpQuTpbB5N1SU="
        }
      }
    },
    "delayed-stream": {
      "version": "1.0.0",
      "resolved": "https://registry.npmjs.org/delayed-stream/-/delayed-stream-1.0.0.tgz",
      "integrity": "sha1-3zrhmayt+31ECqrgsp4icrJOxhk="
    },
    "dotenv": {
      "version": "4.0.0",
      "resolved": "https://registry.npmjs.org/dotenv/-/dotenv-4.0.0.tgz",
      "integrity": "sha1-hk7xN5rO1Vzm+V3r7NzhefegzR0="
    },
    "duplexer2": {
      "version": "0.1.4",
      "resolved": "https://registry.npmjs.org/duplexer2/-/duplexer2-0.1.4.tgz",
      "integrity": "sha1-ixLauHjA1p4+eJEFFmKjL8a93ME=",
      "requires": {
        "readable-stream": "2.1.5"
      }
    },
    "ecc-jsbn": {
      "version": "0.1.1",
      "resolved": "https://registry.npmjs.org/ecc-jsbn/-/ecc-jsbn-0.1.1.tgz",
      "integrity": "sha1-D8c6ntXw1Tw4GTOYUj735UN3dQU=",
      "optional": true,
      "requires": {
        "jsbn": "0.1.1"
      }
    },
    "escape-string-regexp": {
      "version": "1.0.5",
      "resolved": "https://registry.npmjs.org/escape-string-regexp/-/escape-string-regexp-1.0.5.tgz",
      "integrity": "sha1-G2HAViGQqN/2rjuyzwIAyhMLhtQ="
    },
    "esprima": {
      "version": "3.1.3",
      "resolved": "https://registry.npmjs.org/esprima/-/esprima-3.1.3.tgz",
      "integrity": "sha1-/cpRzuYTOJXjyI1TXOSdv/YqRjM="
    },
    "estraverse": {
      "version": "4.2.0",
      "resolved": "https://registry.npmjs.org/estraverse/-/estraverse-4.2.0.tgz",
      "integrity": "sha1-De4/7TH81GlhjOc0IJn8GvoL2xM="
    },
    "extend": {
      "version": "1.2.1",
      "resolved": "https://registry.npmjs.org/extend/-/extend-1.2.1.tgz",
      "integrity": "sha1-oPX9bPyDpf5J72mNYOyKYk3UV2w="
    },
    "extsprintf": {
      "version": "1.3.0",
      "resolved": "https://registry.npmjs.org/extsprintf/-/extsprintf-1.3.0.tgz",
      "integrity": "sha1-lpGEQOMEGnpBT4xS48V06zw+HgU="
    },
    "forever-agent": {
      "version": "0.6.1",
      "resolved": "https://registry.npmjs.org/forever-agent/-/forever-agent-0.6.1.tgz",
      "integrity": "sha1-+8cfDEGt6zf5bFd60e1C2P2sypE="
    },
    "form-data": {
      "version": "2.1.4",
      "resolved": "https://registry.npmjs.org/form-data/-/form-data-2.1.4.tgz",
      "integrity": "sha1-M8GDrPGTJ27KqYFDpp6Uv+4XUNE=",
      "requires": {
        "asynckit": "0.4.0",
        "combined-stream": "1.0.5",
        "mime-types": "2.1.17"
      }
    },
    "fs.realpath": {
      "version": "1.0.0",
      "resolved": "https://registry.npmjs.org/fs.realpath/-/fs.realpath-1.0.0.tgz",
      "integrity": "sha1-FQStJSMVjKpA20onh8sBQRmU6k8="
    },
    "fstream": {
      "version": "1.0.11",
      "resolved": "https://registry.npmjs.org/fstream/-/fstream-1.0.11.tgz",
      "integrity": "sha1-XB+x8RdHcRTwYyoOtLcbPLD9MXE=",
      "requires": {
        "graceful-fs": "4.1.11",
        "inherits": "2.0.3",
        "mkdirp": "0.5.1",
        "rimraf": "2.6.2"
      }
    },
    "getpass": {
      "version": "0.1.7",
      "resolved": "https://registry.npmjs.org/getpass/-/getpass-0.1.7.tgz",
      "integrity": "sha1-Xv+OPmhNVprkyysSgmBOi6YhSfo=",
      "requires": {
        "assert-plus": "1.0.0"
      },
      "dependencies": {
        "assert-plus": {
          "version": "1.0.0",
          "resolved": "https://registry.npmjs.org/assert-plus/-/assert-plus-1.0.0.tgz",
          "integrity": "sha1-8S4PPF13sLHN2RRpQuTpbB5N1SU="
        }
      }
    },
    "glob": {
      "version": "7.1.2",
      "resolved": "https://registry.npmjs.org/glob/-/glob-7.1.2.tgz",
      "integrity": "sha512-MJTUg1kjuLeQCJ+ccE4Vpa6kKVXkPYJ2mOCQyUuKLcLQsdrMCpBPUi8qVE6+YuaJkozeA9NusTAw3hLr8Xe5EQ==",
      "requires": {
        "fs.realpath": "1.0.0",
        "inflight": "1.0.6",
        "inherits": "2.0.3",
        "minimatch": "3.0.4",
        "once": "1.4.0",
        "path-is-absolute": "1.0.1"
      }
    },
    "graceful-fs": {
      "version": "4.1.11",
      "resolved": "https://registry.npmjs.org/graceful-fs/-/graceful-fs-4.1.11.tgz",
      "integrity": "sha1-Dovf5NHduIVNZOBOp8AOKgJuVlg="
    },
    "har-schema": {
      "version": "1.0.5",
      "resolved": "https://registry.npmjs.org/har-schema/-/har-schema-1.0.5.tgz",
      "integrity": "sha1-0mMTX0MwfALGAq/I/pWXDAFRNp4="
    },
    "har-validator": {
      "version": "4.2.1",
      "resolved": "https://registry.npmjs.org/har-validator/-/har-validator-4.2.1.tgz",
      "integrity": "sha1-M0gdDxu/9gDdID11gSpqX7oALio=",
      "requires": {
        "ajv": "4.11.8",
        "har-schema": "1.0.5"
      }
    },
    "has-flag": {
      "version": "2.0.0",
      "resolved": "https://registry.npmjs.org/has-flag/-/has-flag-2.0.0.tgz",
      "integrity": "sha1-6CB68cx7MNRGzHC3NLXovhj4jVE="
    },
    "hash-base": {
      "version": "3.0.4",
      "resolved": "https://registry.npmjs.org/hash-base/-/hash-base-3.0.4.tgz",
      "integrity": "sha1-X8hoaEfs1zSZQDMZprCj8/auSRg=",
      "requires": {
        "inherits": "2.0.3",
        "safe-buffer": "5.1.1"
      }
    },
    "hawk": {
      "version": "3.1.3",
      "resolved": "https://registry.npmjs.org/hawk/-/hawk-3.1.3.tgz",
      "integrity": "sha1-B4REvXwWQLD+VA0sm3PVlnjo4cQ=",
      "requires": {
        "boom": "2.10.1",
        "cryptiles": "2.0.5",
        "hoek": "2.16.3",
        "sntp": "1.0.9"
      }
    },
    "hoek": {
      "version": "2.16.3",
      "resolved": "https://registry.npmjs.org/hoek/-/hoek-2.16.3.tgz",
      "integrity": "sha1-ILt0A9POo5jpHcRxCo/xuCdKJe0="
    },
    "http-signature": {
      "version": "1.1.1",
      "resolved": "https://registry.npmjs.org/http-signature/-/http-signature-1.1.1.tgz",
      "integrity": "sha1-33LiZwZs0Kxn+3at+OE0qPvPkb8=",
      "requires": {
        "assert-plus": "0.2.0",
        "jsprim": "1.4.1",
        "sshpk": "1.13.1"
      }
    },
    "inflight": {
      "version": "1.0.6",
      "resolved": "https://registry.npmjs.org/inflight/-/inflight-1.0.6.tgz",
      "integrity": "sha1-Sb1jMdfQLQwJvJEKEHW6gWW1bfk=",
      "requires": {
        "once": "1.4.0",
        "wrappy": "1.0.2"
      }
    },
    "inherits": {
      "version": "2.0.3",
      "resolved": "https://registry.npmjs.org/inherits/-/inherits-2.0.3.tgz",
      "integrity": "sha1-Yzwsg+PaQqUC9SRmAiSA9CCCYd4="
    },
    "is-typedarray": {
      "version": "1.0.0",
      "resolved": "https://registry.npmjs.org/is-typedarray/-/is-typedarray-1.0.0.tgz",
      "integrity": "sha1-5HnICFjfDBsR3dppQPlgEfzaSpo="
    },
    "isarray": {
      "version": "1.0.0",
      "resolved": "https://registry.npmjs.org/isarray/-/isarray-1.0.0.tgz",
      "integrity": "sha1-u5NdSFgsuhaMBoNJV6VKPgcSTxE="
    },
    "isstream": {
      "version": "0.1.2",
      "resolved": "https://registry.npmjs.org/isstream/-/isstream-0.1.2.tgz",
      "integrity": "sha1-R+Y/evVa+m+S4VAOaQ64uFKcCZo="
    },
    "jsbn": {
      "version": "0.1.1",
      "resolved": "https://registry.npmjs.org/jsbn/-/jsbn-0.1.1.tgz",
      "integrity": "sha1-peZUwuWi3rXyAdls77yoDA7y9RM=",
      "optional": true
    },
    "json-edm-parser": {
      "version": "0.1.2",
      "resolved": "https://registry.npmjs.org/json-edm-parser/-/json-edm-parser-0.1.2.tgz",
      "integrity": "sha1-HmCw/vG8CvZ7wNFG393lSGzWFbQ=",
      "requires": {
        "jsonparse": "1.2.0"
      }
    },
    "json-schema": {
      "version": "0.2.3",
      "resolved": "https://registry.npmjs.org/json-schema/-/json-schema-0.2.3.tgz",
      "integrity": "sha1-tIDIkuWaLwWVTOcnvT8qTogvnhM="
    },
    "json-stable-stringify": {
      "version": "1.0.1",
      "resolved": "https://registry.npmjs.org/json-stable-stringify/-/json-stable-stringify-1.0.1.tgz",
      "integrity": "sha1-mnWdOcXy/1A/1TAGRu1EX4jE+a8=",
      "requires": {
        "jsonify": "0.0.0"
      }
    },
    "json-stringify-safe": {
      "version": "5.0.1",
      "resolved": "https://registry.npmjs.org/json-stringify-safe/-/json-stringify-safe-5.0.1.tgz",
      "integrity": "sha1-Epai1Y/UXxmg9s4B1lcB4sc1tus="
    },
    "jsonify": {
      "version": "0.0.0",
      "resolved": "https://registry.npmjs.org/jsonify/-/jsonify-0.0.0.tgz",
      "integrity": "sha1-LHS27kHZPKUbe1qu6PUDYx0lKnM="
    },
    "jsonparse": {
      "version": "1.2.0",
      "resolved": "https://registry.npmjs.org/jsonparse/-/jsonparse-1.2.0.tgz",
      "integrity": "sha1-XAxWhRBxYOcv50ib3eoLRMK8Z70="
    },
    "jsprim": {
      "version": "1.4.1",
      "resolved": "https://registry.npmjs.org/jsprim/-/jsprim-1.4.1.tgz",
      "integrity": "sha1-MT5mvB5cwG5Di8G3SZwuXFastqI=",
      "requires": {
        "assert-plus": "1.0.0",
        "extsprintf": "1.3.0",
        "json-schema": "0.2.3",
        "verror": "1.10.0"
      },
      "dependencies": {
        "assert-plus": {
          "version": "1.0.0",
          "resolved": "https://registry.npmjs.org/assert-plus/-/assert-plus-1.0.0.tgz",
          "integrity": "sha1-8S4PPF13sLHN2RRpQuTpbB5N1SU="
        }
      }
    },
    "listenercount": {
      "version": "1.0.1",
      "resolved": "https://registry.npmjs.org/listenercount/-/listenercount-1.0.1.tgz",
      "integrity": "sha1-hMinKrWcRyUyFIDJdeZQg0LnCTc="
    },
    "lodash": {
      "version": "4.17.4",
      "resolved": "https://registry.npmjs.org/lodash/-/lodash-4.17.4.tgz",
      "integrity": "sha1-eCA6TRwyiuHYbcpkYONptX9AVa4="
    },
    "md5.js": {
      "version": "1.3.4",
      "resolved": "https://registry.npmjs.org/md5.js/-/md5.js-1.3.4.tgz",
      "integrity": "sha1-6b296UogpawYsENA/Fdk1bCdkB0=",
      "requires": {
        "hash-base": "3.0.4",
        "inherits": "2.0.3"
      }
    },
    "mime-db": {
      "version": "1.30.0",
      "resolved": "https://registry.npmjs.org/mime-db/-/mime-db-1.30.0.tgz",
      "integrity": "sha1-dMZD2i3Z1qRTmZY0ZbJtXKfXHwE="
    },
    "mime-types": {
      "version": "2.1.17",
      "resolved": "https://registry.npmjs.org/mime-types/-/mime-types-2.1.17.tgz",
      "integrity": "sha1-Cdejk/A+mVp5+K+Fe3Cp4KsWVXo=",
      "requires": {
        "mime-db": "1.30.0"
      }
    },
    "minimatch": {
      "version": "3.0.4",
      "resolved": "https://registry.npmjs.org/minimatch/-/minimatch-3.0.4.tgz",
      "integrity": "sha512-yJHVQEhyqPLUTgt9B83PXu6W3rx4MvvHvSUvToogpwoGDOUQ+yDrR0HRot+yOCdCO7u4hX3pWft6kWBBcqh0UA==",
      "requires": {
        "brace-expansion": "1.1.8"
      }
    },
    "minimist": {
      "version": "0.0.8",
      "resolved": "https://registry.npmjs.org/minimist/-/minimist-0.0.8.tgz",
      "integrity": "sha1-hX/Kv8M5fSYluCKCYuhqp6ARsF0="
    },
    "mkdirp": {
      "version": "0.5.1",
      "resolved": "https://registry.npmjs.org/mkdirp/-/mkdirp-0.5.1.tgz",
      "integrity": "sha1-MAV0OOrGz3+MR2fzhkjWaX11yQM=",
      "requires": {
        "minimist": "0.0.8"
      }
    },
    "most": {
      "version": "1.7.2",
      "resolved": "https://registry.npmjs.org/most/-/most-1.7.2.tgz",
      "integrity": "sha512-jDSzUa7HPT79RqLEdrBnYpGZ5DXx8SSDYkS7W6ErBUgU0ewaNDLIdqLJ6GlzXK90eCaDzXm0B1C0KmfTT0XdZQ==",
      "requires": {
        "@most/multicast": "1.3.0",
        "@most/prelude": "1.6.4",
        "symbol-observable": "1.0.4"
      }
    },
    "most-gestures": {
      "version": "0.3.0",
      "resolved": "https://registry.npmjs.org/most-gestures/-/most-gestures-0.3.0.tgz",
      "integrity": "sha1-Y07mZK2vU9dA0BSKa0tNF0QDpHg=",
      "requires": {
        "most": "1.7.2"
      }
    },
    "oauth-sign": {
      "version": "0.8.2",
      "resolved": "https://registry.npmjs.org/oauth-sign/-/oauth-sign-0.8.2.tgz",
      "integrity": "sha1-Rqarfwrq2N6unsBWV4C31O/rnUM="
    },
    "once": {
      "version": "1.4.0",
      "resolved": "https://registry.npmjs.org/once/-/once-1.4.0.tgz",
      "integrity": "sha1-WDsap3WWHUsROsF9nFC6753Xa9E=",
      "requires": {
        "wrappy": "1.0.2"
      }
    },
    "os-tmpdir": {
      "version": "1.0.2",
      "resolved": "https://registry.npmjs.org/os-tmpdir/-/os-tmpdir-1.0.2.tgz",
      "integrity": "sha1-u+Z0BseaqFxc/sdm/lc0VV36EnQ="
    },
    "path-is-absolute": {
      "version": "1.0.1",
      "resolved": "https://registry.npmjs.org/path-is-absolute/-/path-is-absolute-1.0.1.tgz",
      "integrity": "sha1-F0uSaHNVNP+8es5r9TpanhtcX18="
    },
    "performance-now": {
      "version": "0.2.0",
      "resolved": "https://registry.npmjs.org/performance-now/-/performance-now-0.2.0.tgz",
      "integrity": "sha1-M+8wxcd9TqIcWlOGnZG1bY8lVeU="
    },
    "process-nextick-args": {
      "version": "1.0.7",
      "resolved": "https://registry.npmjs.org/process-nextick-args/-/process-nextick-args-1.0.7.tgz",
      "integrity": "sha1-FQ4gt1ZZCtP5EJPyWk8q2L/zC6M="
    },
    "punycode": {
      "version": "1.4.1",
      "resolved": "https://registry.npmjs.org/punycode/-/punycode-1.4.1.tgz",
      "integrity": "sha1-wNWmOycYgArY4esPpSachN1BhF4="
    },
    "qs": {
      "version": "6.4.0",
      "resolved": "https://registry.npmjs.org/qs/-/qs-6.4.0.tgz",
      "integrity": "sha1-E+JtKK1rD/qpExLNO/cI7TUecjM="
    },
    "readable-stream": {
      "version": "2.1.5",
      "resolved": "https://registry.npmjs.org/readable-stream/-/readable-stream-2.1.5.tgz",
      "integrity": "sha1-ZvqLcg4UOLNkaB8q0aY8YYRIydA=",
      "requires": {
        "buffer-shims": "1.0.0",
        "core-util-is": "1.0.2",
        "inherits": "2.0.3",
        "isarray": "1.0.0",
        "process-nextick-args": "1.0.7",
        "string_decoder": "0.10.31",
        "util-deprecate": "1.0.2"
      }
    },
    "request": {
      "version": "2.81.0",
      "resolved": "https://registry.npmjs.org/request/-/request-2.81.0.tgz",
      "integrity": "sha1-xpKJRqDgbF+Nb4qTM0af/aRimKA=",
      "requires": {
        "aws-sign2": "0.6.0",
        "aws4": "1.6.0",
        "caseless": "0.12.0",
        "combined-stream": "1.0.5",
        "extend": "3.0.1",
        "forever-agent": "0.6.1",
        "form-data": "2.1.4",
        "har-validator": "4.2.1",
        "hawk": "3.1.3",
        "http-signature": "1.1.1",
        "is-typedarray": "1.0.0",
        "isstream": "0.1.2",
        "json-stringify-safe": "5.0.1",
        "mime-types": "2.1.17",
        "oauth-sign": "0.8.2",
        "performance-now": "0.2.0",
        "qs": "6.4.0",
        "safe-buffer": "5.1.1",
        "stringstream": "0.0.5",
        "tough-cookie": "2.3.3",
        "tunnel-agent": "0.6.0",
        "uuid": "3.1.0"
      },
      "dependencies": {
        "extend": {
          "version": "3.0.1",
          "resolved": "https://registry.npmjs.org/extend/-/extend-3.0.1.tgz",
          "integrity": "sha1-p1Xqe8Gt/MWjHOfnYtuq3F5jZEQ="
        }
      }
    },
    "rimraf": {
      "version": "2.6.2",
      "resolved": "https://registry.npmjs.org/rimraf/-/rimraf-2.6.2.tgz",
      "integrity": "sha512-lreewLK/BlghmxtfH36YYVg1i8IAce4TI7oao75I1g245+6BctqTVQiBP3YUJ9C6DQOXJmkYR9X9fCLtCOJc5w==",
      "requires": {
        "glob": "7.1.2"
      }
    },
    "safe-buffer": {
      "version": "5.1.1",
      "resolved": "https://registry.npmjs.org/safe-buffer/-/safe-buffer-5.1.1.tgz",
      "integrity": "sha512-kKvNJn6Mm93gAczWVJg7wH+wGYWNrDHdWvpUmHyEsgCtIwwo3bqPtV4tR5tuPaUhTOo/kvhVwd8XwwOllGYkbg=="
    },
    "sax": {
      "version": "1.2.4",
      "resolved": "https://registry.npmjs.org/sax/-/sax-1.2.4.tgz",
      "integrity": "sha512-NqVDv9TpANUjFm0N8uM5GxL36UgKi9/atZw+x7YFnQ8ckwFGKrl4xX4yWtrey3UJm5nP1kUbnYgLopqWNSRhWw=="
    },
    "setimmediate": {
      "version": "1.0.5",
      "resolved": "https://registry.npmjs.org/setimmediate/-/setimmediate-1.0.5.tgz",
      "integrity": "sha1-KQy7Iy4waULX1+qbg3Mqt4VvgoU="
    },
    "sntp": {
      "version": "1.0.9",
      "resolved": "https://registry.npmjs.org/sntp/-/sntp-1.0.9.tgz",
      "integrity": "sha1-ZUEYTMkK7qbG57NeJlkIJEPGYZg=",
      "requires": {
        "hoek": "2.16.3"
      }
    },
    "sshpk": {
      "version": "1.13.1",
      "resolved": "https://registry.npmjs.org/sshpk/-/sshpk-1.13.1.tgz",
      "integrity": "sha1-US322mKHFEMW3EwY/hzx2UBzm+M=",
      "requires": {
        "asn1": "0.2.3",
        "assert-plus": "1.0.0",
        "bcrypt-pbkdf": "1.0.1",
        "dashdash": "1.14.1",
        "ecc-jsbn": "0.1.1",
        "getpass": "0.1.7",
        "jsbn": "0.1.1",
        "tweetnacl": "0.14.5"
      },
      "dependencies": {
        "assert-plus": {
          "version": "1.0.0",
          "resolved": "https://registry.npmjs.org/assert-plus/-/assert-plus-1.0.0.tgz",
          "integrity": "sha1-8S4PPF13sLHN2RRpQuTpbB5N1SU="
        }
      }
    },
    "string_decoder": {
      "version": "0.10.31",
      "resolved": "https://registry.npmjs.org/string_decoder/-/string_decoder-0.10.31.tgz",
      "integrity": "sha1-YuIDvEF2bGwoyfyEMB2rHFMQ+pQ="
    },
    "stringstream": {
      "version": "0.0.5",
      "resolved": "https://registry.npmjs.org/stringstream/-/stringstream-0.0.5.tgz",
      "integrity": "sha1-TkhM1N5aC7vuGORjB3EKioFiGHg="
    },
    "supports-color": {
      "version": "4.5.0",
      "resolved": "https://registry.npmjs.org/supports-color/-/supports-color-4.5.0.tgz",
      "integrity": "sha1-vnoN5ITexcXN34s9WRJQRJEvY1s=",
      "requires": {
        "has-flag": "2.0.0"
      }
    },
    "sylvester": {
      "version": "github:kaosat-dev/node-sylvester#976a4e5e3231dfe444948ff882f18a51c117d9d7"
    },
    "symbol-observable": {
      "version": "1.0.4",
      "resolved": "https://registry.npmjs.org/symbol-observable/-/symbol-observable-1.0.4.tgz",
      "integrity": "sha1-Kb9hXUqnEhvdiYsi1LP5vE4qoD0="
    },
    "tmp": {
      "version": "0.0.33",
      "resolved": "https://registry.npmjs.org/tmp/-/tmp-0.0.33.tgz",
      "integrity": "sha512-jRCJlojKnZ3addtTOjdIqoRuPEKBvNXcGYqzO6zWZX8KfKEpnGY5jfggJQ3EjKuu8D4bJRr0y+cYJFmYbImXGw==",
      "requires": {
        "os-tmpdir": "1.0.2"
      }
    },
    "tough-cookie": {
      "version": "2.3.3",
      "resolved": "https://registry.npmjs.org/tough-cookie/-/tough-cookie-2.3.3.tgz",
      "integrity": "sha1-C2GKVWW23qkL80JdBNVe3EdadWE=",
      "requires": {
        "punycode": "1.4.1"
      }
    },
    "traverse": {
      "version": "0.3.9",
      "resolved": "https://registry.npmjs.org/traverse/-/traverse-0.3.9.tgz",
      "integrity": "sha1-cXuPIgzAu3tE5AUUwisui7xw2Lk="
    },
    "tunnel-agent": {
      "version": "0.6.0",
      "resolved": "https://registry.npmjs.org/tunnel-agent/-/tunnel-agent-0.6.0.tgz",
      "integrity": "sha1-J6XeoGs2sEoKmWZ3SykIaPD8QP0=",
      "requires": {
        "safe-buffer": "5.1.1"
      }
    },
    "tweetnacl": {
      "version": "0.14.5",
      "resolved": "https://registry.npmjs.org/tweetnacl/-/tweetnacl-0.14.5.tgz",
      "integrity": "sha1-WuaBd/GS1EViadEIr6k/+HQ/T2Q=",
      "optional": true
    },
    "underscore": {
      "version": "1.8.3",
      "resolved": "https://registry.npmjs.org/underscore/-/underscore-1.8.3.tgz",
      "integrity": "sha1-Tz+1OxBuYJf8+ctBCfKl6b36UCI="
    },
    "unzipper": {
      "version": "0.8.11",
      "resolved": "https://registry.npmjs.org/unzipper/-/unzipper-0.8.11.tgz",
      "integrity": "sha1-iUOD3GtL2rlE5Eb2ZagtQNFn+9Q=",
      "requires": {
        "big-integer": "1.6.26",
        "binary": "0.3.0",
        "bluebird": "3.4.7",
        "buffer-indexof-polyfill": "1.0.1",
        "duplexer2": "0.1.4",
        "fstream": "1.0.11",
        "listenercount": "1.0.1",
        "readable-stream": "2.1.5",
        "setimmediate": "1.0.5"
      }
    },
    "util-deprecate": {
      "version": "1.0.2",
      "resolved": "https://registry.npmjs.org/util-deprecate/-/util-deprecate-1.0.2.tgz",
      "integrity": "sha1-RQ1Nyfpw3nMnYvvS1KKJgUGaDM8="
    },
    "uuid": {
      "version": "3.1.0",
      "resolved": "https://registry.npmjs.org/uuid/-/uuid-3.1.0.tgz",
      "integrity": "sha512-DIWtzUkw04M4k3bf1IcpS2tngXEL26YUD2M0tMDUpnUrz2hgzUBlD55a4FjdLGPvfHxS6uluGWvaVEqgBcVa+g=="
    },
    "validator": {
      "version": "3.35.0",
      "resolved": "https://registry.npmjs.org/validator/-/validator-3.35.0.tgz",
      "integrity": "sha1-PwcklALB/I/Ak8MsbkPXKnnModw="
    },
    "verror": {
      "version": "1.10.0",
      "resolved": "https://registry.npmjs.org/verror/-/verror-1.10.0.tgz",
      "integrity": "sha1-OhBcoXBTr1XW4nDB+CiGguGNpAA=",
      "requires": {
        "assert-plus": "1.0.0",
        "core-util-is": "1.0.2",
        "extsprintf": "1.3.0"
      },
      "dependencies": {
        "assert-plus": {
          "version": "1.0.0",
          "resolved": "https://registry.npmjs.org/assert-plus/-/assert-plus-1.0.0.tgz",
          "integrity": "sha1-8S4PPF13sLHN2RRpQuTpbB5N1SU="
        }
      }
    },
    "w3c-blob": {
      "version": "0.0.1",
      "resolved": "https://registry.npmjs.org/w3c-blob/-/w3c-blob-0.0.1.tgz",
      "integrity": "sha1-sM01KhpQ9RVWNCD/1YYflQ8dhbg="
    },
    "webworkify": {
      "version": "1.5.0",
      "resolved": "https://registry.npmjs.org/webworkify/-/webworkify-1.5.0.tgz",
      "integrity": "sha512-AMcUeyXAhbACL8S2hqqdqOLqvJ8ylmIbNwUIqQujRSouf4+eUFaXbG6F1Rbu+srlJMmxQWsiU7mOJi0nMBfM1g=="
    },
    "wrappy": {
      "version": "1.0.2",
      "resolved": "https://registry.npmjs.org/wrappy/-/wrappy-1.0.2.tgz",
      "integrity": "sha1-tSQ9jz7BqjXxNkYFvA0QNuMKtp8="
    },
    "xml2js": {
      "version": "0.2.7",
      "resolved": "https://registry.npmjs.org/xml2js/-/xml2js-0.2.7.tgz",
      "integrity": "sha1-GDhRi7AXQcrgh4urSRXklMMjBq8=",
      "requires": {
        "sax": "0.5.2"
      },
      "dependencies": {
        "sax": {
          "version": "0.5.2",
          "resolved": "https://registry.npmjs.org/sax/-/sax-0.5.2.tgz",
          "integrity": "sha1-c1/6o5oc/4/7lZjwIjq9sDqfsuo="
        }
      }
    },
    "xmlbuilder": {
      "version": "0.4.3",
      "resolved": "https://registry.npmjs.org/xmlbuilder/-/xmlbuilder-0.4.3.tgz",
      "integrity": "sha1-xGFLp04K0ZbmCcknLNnh3bKKilg="
    },
    "xmldom": {
      "version": "0.1.27",
      "resolved": "https://registry.npmjs.org/xmldom/-/xmldom-0.1.27.tgz",
      "integrity": "sha1-1QH5ezvbQDr4757MIFcxh6rawOk="
    }
  }
}
